{
    "_meta": {
        "hash": {
            "sha256": "9b158f59346fab13c200408cd833a6470dc93b1e3eb4a977d2153bc3325856fd"
        },
        "pipfile-spec": 6,
        "requires": {
            "python_version": "3.7"
        },
        "sources": [
            {
                "name": "pypi",
                "url": "https://pypi.python.org/simple",
                "verify_ssl": true
            }
        ]
    },
    "default": {},
    "develop": {}
}
